<?xml version="1.0" encoding="UTF-8" standalone="yes" ?>
<CodeBlocks_project_file>
	<FileVersion major="1" minor="6" />
	<Project>
		<Option title="Headless benchmark" />
		<Option makefile_is_custom="1" />
		<Option pch_mode="2" />
		<Option compiler="gcc" />
		<Build>
			<Target title="debug">
				<Option output="../bin/Debug/headless" prefix_auto="1" extension_auto="1" />
				<Option object_output="../obj/Debug/" />
				<Option type="1" />
				<Option compiler="gcc" />
				<Option parameters="10000" />
				<Compiler>
					<Add option="-g" />
				</Compiler>
			</Target>
			<Target title="release">
				<Option output="../bin/Release/headless" prefix_auto="1" extension_auto="1" />
				<Option object_output="../obj/Release/" />
				<Option type="1" />
				<Option compiler="gcc" />
				<Compiler>
					<Add option="-O2" />
				</Compiler>
				<Linker>
					<Add option="-s" />
				</Linker>
			</Target>
			<Target title="debug-linux-x86">
				<Option output="../bin/Debug/headless" prefix_auto="1" extension_auto="1" />
				<Option object_output="../obj/Debug/" />
				<Option type="1" />
				<Option compiler="gcc" />
				<Option parameters="10000" />
				<Compiler>
					<Add option="-g" />
				</Compiler>
			</Target>
			<Target title="release-linux-x86">
				<Option output="../bin/Debug/headless" prefix_auto="1" extension_auto="1" />
				<Option object_output="../obj/Debug/" />
				<Option type="1" />
				<Option compiler="gcc" />
				<Option parameters="10000" />
				<Compiler>
					<Add option="-g" />
				</Compiler>
			</Target>
		</Build>
		<Compiler>
			<Add option="-Wall" />
			<Add option="-m32" />
		</Compiler>
		<Linker>
			<Add option="-Wl,-melf_i386 -m32" />
			<Add library="dl" />
			<Add directory="/usr/lib32" />
			<Add directory="/usr/lib/gcc/x86_64-linux-gnu/4.6/32" />
		</Linker>
		<Unit filename="../hostapp/emitters.cpp" />
		<Unit filename="../libparticlasm/ReferenceImplementation.cpp" />
		<Unit filename="../libparticlasm/libparticlasm.h" />
		<Unit filename="Makefile" />
		<Unit filename="headless.cpp" />
		<Extensions>
			<code_completion />
			<envvars />
			<debugger />
			<lib_finder disable_auto="1" />
		</Extensions>
	</Project>
</CodeBlocks_project_file>
