<?xml version="1.0" encoding="UTF-8" standalone="yes" ?>
<CodeBlocks_project_file>
	<FileVersion major="1" minor="6" />
	<Project>
		<Option title="libparticlasm" />
		<Option platforms="Unix;" />
		<Option makefile_is_custom="1" />
		<Option pch_mode="2" />
		<Option compiler="gcc" />
		<Build>
			<Target title="debug">
				<Option output="../bin/Debug/libparticlasm.so" imp_lib="$(TARGET_OUTPUT_DIR)$(TARGET_OUTPUT_BASENAME).a" def_file="$(TARGET_OUTPUT_DIR)$(TARGET_OUTPUT_BASENAME).def" prefix_auto="0" extension_auto="0" />
				<Option object_output="../obj/Debug/" />
				<Option type="3" />
				<Option compiler="gcc" />
				<Option parameters="10" />
				<Option host_application="/home/inequation/projects/particlasm/bin/Debug/headless-linux-x64" />
				<Option run_host_application_in_terminal="1" />
				<Compiler>
					<Add option="-g" />
				</Compiler>
				<MakeCommands>
					<Build command="$make -f $makefile $target" />
					<CompileFile command="$make -f $makefile $file" />
					<Clean command="$make -f $makefile clean$" />
					<DistClean command="$make -f $makefile distclean$target" />
					<AskRebuildNeeded command="$make -q -f $makefile $target" />
					<SilentBuild command="$make -f $makefile $target &gt; $(CMD_NULL)" />
				</MakeCommands>
			</Target>
			<Target title="release">
				<Option output="../bin/Release/libparticlasm.so" imp_lib="$(TARGET_OUTPUT_DIR)$(TARGET_OUTPUT_BASENAME).a" def_file="$(TARGET_OUTPUT_DIR)$(TARGET_OUTPUT_BASENAME).def" prefix_auto="0" extension_auto="0" />
				<Option object_output="../obj/Release/" />
				<Option type="3" />
				<Option compiler="gcc" />
				<Compiler>
					<Add option="-O2" />
				</Compiler>
				<Linker>
					<Add option="-s" />
				</Linker>
				<MakeCommands>
					<Build command="$make -f $makefile $target" />
					<CompileFile command="$make -f $makefile $file" />
					<Clean command="$make -f $makefile clean" />
					<DistClean command="$make -f $makefile distclean$target" />
					<AskRebuildNeeded command="$make -q -f $makefile $target" />
					<SilentBuild command="$make -f $makefile $target &gt; $(CMD_NULL)" />
				</MakeCommands>
			</Target>
			<Target title="debug-linux-x86">
				<Option output="../bin/Debug/libparticlasm.so" imp_lib="$(TARGET_OUTPUT_DIR)$(TARGET_OUTPUT_BASENAME).a" def_file="$(TARGET_OUTPUT_DIR)$(TARGET_OUTPUT_BASENAME).def" prefix_auto="0" extension_auto="0" />
				<Option object_output="../obj/Debug/" />
				<Option type="3" />
				<Option compiler="gcc" />
				<Option parameters="1" />
				<Option host_application="/home/inequation/projects/particlasm/bin/Debug/headless-linux-x86" />
				<Option run_host_application_in_terminal="1" />
				<Compiler>
					<Add option="-g" />
				</Compiler>
				<MakeCommands>
					<Build command="$make -f $makefile $target" />
					<CompileFile command="$make -f $makefile $file" />
					<Clean command="$make -f $makefile clean" />
					<DistClean command="$make -f $makefile distclean$target" />
					<AskRebuildNeeded command="$make -q -f $makefile $target" />
					<SilentBuild command="$make -f $makefile $target &gt; $(CMD_NULL)" />
				</MakeCommands>
			</Target>
			<Target title="release-linux-x86">
				<Option output="../bin/Release/libparticlasm.so" imp_lib="$(TARGET_OUTPUT_DIR)$(TARGET_OUTPUT_BASENAME).a" def_file="$(TARGET_OUTPUT_DIR)$(TARGET_OUTPUT_BASENAME).def" prefix_auto="0" extension_auto="0" />
				<Option object_output="../obj/Release/" />
				<Option type="3" />
				<Option compiler="gcc" />
				<Compiler>
					<Add option="-O2" />
				</Compiler>
				<Linker>
					<Add option="-s" />
				</Linker>
				<MakeCommands>
					<Build command="$make -f $makefile $target" />
					<CompileFile command="$make -f $makefile $file" />
					<Clean command="$make -f $makefile clean" />
					<DistClean command="$make -f $makefile distclean$target" />
					<AskRebuildNeeded command="$make -q -f $makefile $target" />
					<SilentBuild command="$make -f $makefile $target &gt; $(CMD_NULL)" />
				</MakeCommands>
			</Target>
		</Build>
		<Compiler>
			<Add option="-Wall" />
		</Compiler>
		<Unit filename="../README" />
		<Unit filename="Makefile" />
		<Unit filename="config.mk" />
		<Unit filename="include/libparticlasm2.h" />
		<Unit filename="src/Config.h" />
		<Unit filename="src/Core/CodeGeneratorInterface.cpp" />
		<Unit filename="src/Core/CodeGeneratorInterface.h" />
		<Unit filename="src/Core/LauncherInterface.h" />
		<Unit filename="src/Core/Makefile" />
		<Unit filename="src/Core/ParticlasmMain.cpp" />
		<Unit filename="src/Core/ParticlasmMain.h" />
		<Unit filename="src/GenerateConfig.py" />
		<Unit filename="src/Makefile" />
		<Unit filename="src/RuntimeInterpreter/Makefile" />
		<Unit filename="src/RuntimeInterpreter/RuntimeInterpreter.cpp" />
		<Unit filename="src/RuntimeInterpreter/RuntimeInterpreter.h" />
		<Unit filename="src/RuntimeInterpreter/RuntimeInterpreterImpl.cpp" />
		<Unit filename="src/X86Assembly/AsmSnippets.h" />
		<Unit filename="src/X86Assembly/AsmSnippets/CDistr_Constant_Code.asm" />
		<Unit filename="src/X86Assembly/AsmSnippets/CDistr_Constant_Data.asm" />
		<Unit filename="src/X86Assembly/AsmSnippets/CDistr_Uniform_Code.asm" />
		<Unit filename="src/X86Assembly/AsmSnippets/CDistr_Uniform_Data.asm" />
		<Unit filename="src/X86Assembly/AsmSnippets/EIPRelativeAddressingHack.asm" />
		<Unit filename="src/X86Assembly/AsmSnippets/Epilogue.asm" />
		<Unit filename="src/X86Assembly/AsmSnippets/Mod_Acceleration.asm" />
		<Unit filename="src/X86Assembly/AsmSnippets/Mod_Colour_Data.asm" />
		<Unit filename="src/X86Assembly/AsmSnippets/Mod_Colour_PostDistr.asm" />
		<Unit filename="src/X86Assembly/AsmSnippets/Mod_Colour_PreDistr.asm" />
		<Unit filename="src/X86Assembly/AsmSnippets/Mod_InitialColour_Data.asm" />
		<Unit filename="src/X86Assembly/AsmSnippets/Mod_InitialColour_PostDistr.asm" />
		<Unit filename="src/X86Assembly/AsmSnippets/Mod_InitialColour_PreDistr.asm" />
		<Unit filename="src/X86Assembly/AsmSnippets/Mod_InitialLocation.asm" />
		<Unit filename="src/X86Assembly/AsmSnippets/Mod_InitialRotation.asm" />
		<Unit filename="src/X86Assembly/AsmSnippets/Mod_InitialSize.asm" />
		<Unit filename="src/X86Assembly/AsmSnippets/Mod_InitialVelocity.asm" />
		<Unit filename="src/X86Assembly/AsmSnippets/Mod_SimulatePost.asm" />
		<Unit filename="src/X86Assembly/AsmSnippets/Mod_SimulatePre.asm" />
		<Unit filename="src/X86Assembly/AsmSnippets/Mod_Size.asm" />
		<Unit filename="src/X86Assembly/AsmSnippets/Mod_Velocity.asm" />
		<Unit filename="src/X86Assembly/AsmSnippets/Prologue.asm" />
		<Unit filename="src/X86Assembly/AsmSnippets/SDistr_Constant_Code.asm" />
		<Unit filename="src/X86Assembly/AsmSnippets/SDistr_Constant_Data.asm" />
		<Unit filename="src/X86Assembly/AsmSnippets/SDistr_Uniform_Code.asm" />
		<Unit filename="src/X86Assembly/AsmSnippets/SDistr_Uniform_Data.asm" />
		<Unit filename="src/X86Assembly/AsmSnippets/VDistr_Constant_Code.asm" />
		<Unit filename="src/X86Assembly/AsmSnippets/VDistr_Constant_Data.asm" />
		<Unit filename="src/X86Assembly/AsmSnippets/VDistr_Uniform_Code.asm" />
		<Unit filename="src/X86Assembly/AsmSnippets/VDistr_Uniform_Data.asm" />
		<Unit filename="src/X86Assembly/AsmSnippets/libparticlasm.inc" />
		<Unit filename="src/X86Assembly/AsmSnippets/nasmx.inc" />
		<Unit filename="src/X86Assembly/Distr_Constant.cpp" />
		<Unit filename="src/X86Assembly/Distr_Constant.h" />
		<Unit filename="src/X86Assembly/Distr_Uniform.cpp" />
		<Unit filename="src/X86Assembly/Distr_Uniform.h" />
		<Unit filename="src/X86Assembly/ExternalFuncLibrary.h" />
		<Unit filename="src/X86Assembly/GenerateAsmInclude.py" />
		<Unit filename="src/X86Assembly/GenerateSnippetHeader.py" />
		<Unit filename="src/X86Assembly/Makefile" />
		<Unit filename="src/X86Assembly/MersenneTwister.cpp" />
		<Unit filename="src/X86Assembly/Mod_Colour.cpp" />
		<Unit filename="src/X86Assembly/Mod_Colour.h" />
		<Unit filename="src/X86Assembly/Mod_Gravity.cpp" />
		<Unit filename="src/X86Assembly/Mod_Gravity.h" />
		<Unit filename="src/X86Assembly/Mod_InitialColour.cpp" />
		<Unit filename="src/X86Assembly/Mod_InitialColour.h" />
		<Unit filename="src/X86Assembly/Mod_SimulatePost.cpp" />
		<Unit filename="src/X86Assembly/Mod_SimulatePost.h" />
		<Unit filename="src/X86Assembly/Mod_SimulatePre.cpp" />
		<Unit filename="src/X86Assembly/Mod_SimulatePre.h" />
		<Unit filename="src/X86Assembly/X86Assembly.h" />
		<Unit filename="src/X86Assembly/X86DistributionInterface.h" />
		<Unit filename="src/X86Assembly/X86Generator.cpp" />
		<Unit filename="src/X86Assembly/X86Generator.h" />
		<Unit filename="src/X86Assembly/X86Launcher.cpp" />
		<Unit filename="src/X86Assembly/X86Launcher.h" />
		<Unit filename="src/X86Assembly/X86ModuleInterface.cpp" />
		<Unit filename="src/X86Assembly/X86ModuleInterface.h" />
		<Unit filename="src/X86Assembly/X86SimpleModule.h" />
		<Extensions>
			<code_completion />
			<envvars />
			<debugger />
			<DoxyBlocks>
				<comment_style block="0" line="0" />
				<doxyfile_project output_directory="docs" />
				<doxyfile_build />
				<doxyfile_warnings />
				<doxyfile_output />
				<doxyfile_dot class_diagrams="1" have_dot="1" />
				<general />
			</DoxyBlocks>
		</Extensions>
	</Project>
</CodeBlocks_project_file>
